
Microsoft Visual Studio Solution File, Format Version 12.00
Project("{FAE04EC0-301F-11D3-BF4B-00C04F79EFBC}") = "Morales.CompulsoryPetShop.UI", "Morales.CompulsoryPetShop.UI\Morales.CompulsoryPetShop.UI.csproj", "{DF15618B-C99A-4235-A0F7-95996FFFDEE7}"
EndProject
Project("{2150E333-8FDC-42A3-9474-1A3956D46DE8}") = "UI", "UI", "{3CD5EFC3-3BB7-41B2-9C86-5DE9DF9430CC}"
EndProject
Project("{2150E333-8FDC-42A3-9474-1A3956D46DE8}") = "Infrastructure", "Infrastructure", "{34E9414D-D71B-4CFE-A8C4-6D00A382C65E}"
EndProject
Project("{FAE04EC0-301F-11D3-BF4B-00C04F79EFBC}") = "Morales.CompulsoryPetShop.Infrastucture", "Morales.CompulsoryPetShop.Infrastucture\Morales.CompulsoryPetShop.Infrastucture.csproj", "{78BC619B-53CB-4304-92AC-7A8CEFCA8B46}"
EndProject
Project("{2150E333-8FDC-42A3-9474-1A3956D46DE8}") = "Core", "Core", "{40BAC3F3-C7C1-4448-9DBA-A4730C414C99}"
EndProject
Project("{FAE04EC0-301F-11D3-BF4B-00C04F79EFBC}") = "Morales.CompulsoryPetShop.Core", "Morales.CompulsoryPetShop.Core\Morales.CompulsoryPetShop.Core.csproj", "{EC6BF4CC-C376-4D36-9AF9-4632CF78C40A}"
EndProject
Project("{FAE04EC0-301F-11D3-BF4B-00C04F79EFBC}") = "Morales.CompulsoryPetShop.Domain", "Morales.CompulsoryPetShop.Domain\Morales.CompulsoryPetShop.Domain.csproj", "{AD0F04D8-11E5-4F22-BD34-5F902A94208E}"
EndProject
Project("{FAE04EC0-301F-11D3-BF4B-00C04F79EFBC}") = "Morales.CompulsoryPetShop.WebApi", "Morales.CompulsoryPetShop.WebApi\Morales.CompulsoryPetShop.WebApi.csproj", "{8F3A5775-DA25-4FFE-AC0B-EC8033DA4A31}"
EndProject
Project("{FAE04EC0-301F-11D3-BF4B-00C04F79EFBC}") = "Morales.CompulsoryPetShop.EntityFramework", "Morales.CompulsoryPetShop.EntityFramework\Morales.CompulsoryPetShop.EntityFramework.csproj", "{810C5E21-6849-4234-AAE8-17A86E4B3072}"
EndProject
Global
	GlobalSection(SolutionConfigurationPlatforms) = preSolution
		Debug|Any CPU = Debug|Any CPU
		Release|Any CPU = Release|Any CPU
	EndGlobalSection
	GlobalSection(ProjectConfigurationPlatforms) = postSolution
		{DF15618B-C99A-4235-A0F7-95996FFFDEE7}.Debug|Any CPU.ActiveCfg = Debug|Any CPU
		{DF15618B-C99A-4235-A0F7-95996FFFDEE7}.Debug|Any CPU.Build.0 = Debug|Any CPU
		{DF15618B-C99A-4235-A0F7-95996FFFDEE7}.Release|Any CPU.ActiveCfg = Release|Any CPU
		{DF15618B-C99A-4235-A0F7-95996FFFDEE7}.Release|Any CPU.Build.0 = Release|Any CPU
		{78BC619B-53CB-4304-92AC-7A8CEFCA8B46}.Debug|Any CPU.ActiveCfg = Debug|Any CPU
		{78BC619B-53CB-4304-92AC-7A8CEFCA8B46}.Debug|Any CPU.Build.0 = Debug|Any CPU
		{78BC619B-53CB-4304-92AC-7A8CEFCA8B46}.Release|Any CPU.ActiveCfg = Release|Any CPU
		{78BC619B-53CB-4304-92AC-7A8CEFCA8B46}.Release|Any CPU.Build.0 = Release|Any CPU
		{EC6BF4CC-C376-4D36-9AF9-4632CF78C40A}.Debug|Any CPU.ActiveCfg = Debug|Any CPU
		{EC6BF4CC-C376-4D36-9AF9-4632CF78C40A}.Debug|Any CPU.Build.0 = Debug|Any CPU
		{EC6BF4CC-C376-4D36-9AF9-4632CF78C40A}.Release|Any CPU.ActiveCfg = Release|Any CPU
		{EC6BF4CC-C376-4D36-9AF9-4632CF78C40A}.Release|Any CPU.Build.0 = Release|Any CPU
		{AD0F04D8-11E5-4F22-BD34-5F902A94208E}.Debug|Any CPU.ActiveCfg = Debug|Any CPU
		{AD0F04D8-11E5-4F22-BD34-5F902A94208E}.Debug|Any CPU.Build.0 = Debug|Any CPU
		{AD0F04D8-11E5-4F22-BD34-5F902A94208E}.Release|Any CPU.ActiveCfg = Release|Any CPU
		{AD0F04D8-11E5-4F22-BD34-5F902A94208E}.Release|Any CPU.Build.0 = Release|Any CPU
		{8F3A5775-DA25-4FFE-AC0B-EC8033DA4A31}.Debug|Any CPU.ActiveCfg = Debug|Any CPU
		{8F3A5775-DA25-4FFE-AC0B-EC8033DA4A31}.Debug|Any CPU.Build.0 = Debug|Any CPU
		{8F3A5775-DA25-4FFE-AC0B-EC8033DA4A31}.Release|Any CPU.ActiveCfg = Release|Any CPU
		{8F3A5775-DA25-4FFE-AC0B-EC8033DA4A31}.Release|Any CPU.Build.0 = Release|Any CPU
		{810C5E21-6849-4234-AAE8-17A86E4B3072}.Debug|Any CPU.ActiveCfg = Debug|Any CPU
		{810C5E21-6849-4234-AAE8-17A86E4B3072}.Debug|Any CPU.Build.0 = Debug|Any CPU
		{810C5E21-6849-4234-AAE8-17A86E4B3072}.Release|Any CPU.ActiveCfg = Release|Any CPU
		{810C5E21-6849-4234-AAE8-17A86E4B3072}.Release|Any CPU.Build.0 = Release|Any CPU
	EndGlobalSection
	GlobalSection(NestedProjects) = preSolution
		{78BC619B-53CB-4304-92AC-7A8CEFCA8B46} = {34E9414D-D71B-4CFE-A8C4-6D00A382C65E}
		{DF15618B-C99A-4235-A0F7-95996FFFDEE7} = {3CD5EFC3-3BB7-41B2-9C86-5DE9DF9430CC}
		{EC6BF4CC-C376-4D36-9AF9-4632CF78C40A} = {40BAC3F3-C7C1-4448-9DBA-A4730C414C99}
		{AD0F04D8-11E5-4F22-BD34-5F902A94208E} = {40BAC3F3-C7C1-4448-9DBA-A4730C414C99}
		{8F3A5775-DA25-4FFE-AC0B-EC8033DA4A31} = {3CD5EFC3-3BB7-41B2-9C86-5DE9DF9430CC}
		{810C5E21-6849-4234-AAE8-17A86E4B3072} = {34E9414D-D71B-4CFE-A8C4-6D00A382C65E}
	EndGlobalSection
EndGlobal
